
Microsoft Visual Studio Solution File, Format Version 12.00
# Visual Studio Version 17
VisualStudioVersion = 17.9.34616.47
MinimumVisualStudioVersion = 10.0.40219.1
Project("{9A19103F-16F7-4668-BE54-9A1E7A4F7556}") = "Skapiec", "Skapiec\Skapiec.csproj", "{74098C84-4452-4C04-B698-DDC9C0419EFB}"
EndProject
Project("{FAE04EC0-301F-11D3-BF4B-00C04F79EFBC}") = "Testowy", "Testowy\Testowy.csproj", "{7B24FB3B-0D98-4243-932D-D18AD756F174}"
EndProject
Global
	GlobalSection(SolutionConfigurationPlatforms) = preSolution
		Debug|Any CPU = Debug|Any CPU
		Release|Any CPU = Release|Any CPU
	EndGlobalSection
	GlobalSection(ProjectConfigurationPlatforms) = postSolution
		{74098C84-4452-4C04-B698-DDC9C0419EFB}.Debug|Any CPU.ActiveCfg = Debug|Any CPU
		{74098C84-4452-4C04-B698-DDC9C0419EFB}.Debug|Any CPU.Build.0 = Debug|Any CPU
		{74098C84-4452-4C04-B698-DDC9C0419EFB}.Release|Any CPU.ActiveCfg = Release|Any CPU
		{74098C84-4452-4C04-B698-DDC9C0419EFB}.Release|Any CPU.Build.0 = Release|Any CPU
		{7B24FB3B-0D98-4243-932D-D18AD756F174}.Debug|Any CPU.ActiveCfg = Debug|Any CPU
		{7B24FB3B-0D98-4243-932D-D18AD756F174}.Debug|Any CPU.Build.0 = Debug|Any CPU
		{7B24FB3B-0D98-4243-932D-D18AD756F174}.Release|Any CPU.ActiveCfg = Release|Any CPU
		{7B24FB3B-0D98-4243-932D-D18AD756F174}.Release|Any CPU.Build.0 = Release|Any CPU
	EndGlobalSection
	GlobalSection(SolutionProperties) = preSolution
		HideSolutionNode = FALSE
	EndGlobalSection
	GlobalSection(ExtensibilityGlobals) = postSolution
		SolutionGuid = {630993D6-D58F-4B71-89AC-D4D94B0C78A6}
	EndGlobalSection
EndGlobal
